
Microsoft Visual Studio Solution File, Format Version 12.00
# Visual Studio Version 17
VisualStudioVersion = 17.5.33424.131
MinimumVisualStudioVersion = 10.0.40219.1
Project("{2150E333-8FDC-42A3-9474-1A3956D46DE8}") = "docs", "docs", "{99F8123E-FFEB-463A-9504-08D91C784039}"
EndProject
Project("{2150E333-8FDC-42A3-9474-1A3956D46DE8}") = "appsettings", "appsettings", "{7E3A24ED-A480-41CD-8929-316D416D291D}"
EndProject
Project("{2150E333-8FDC-42A3-9474-1A3956D46DE8}") = "src", "src", "{CB738E0D-3A37-4C1B-A1D5-4130575D5F08}"
EndProject
Project("{2150E333-8FDC-42A3-9474-1A3956D46DE8}") = "Services", "Services", "{826476C6-037E-4E36-9D0F-E64E63BAD23C}"
EndProject
Project("{2150E333-8FDC-42A3-9474-1A3956D46DE8}") = "Web", "Web", "{04A1E8F0-A513-4D22-88C2-45B0792DEF7C}"
EndProject
Project("{2150E333-8FDC-42A3-9474-1A3956D46DE8}") = "ApiGw-Base", "ApiGw-Base", "{23C8E0EF-047D-44BE-BFC9-3C8695DC98E5}"
EndProject
Project("{2150E333-8FDC-42A3-9474-1A3956D46DE8}") = "Identity", "Identity", "{6272BEFA-D9D0-46F8-AAAF-DD2DB7BC5B8F}"
EndProject
Project("{9A19103F-16F7-4668-BE54-9A1E7A4F7556}") = "OcelotApiGw", "src\ApiGw-Base\OcelotApiGw\OcelotApiGw.csproj", "{69302AAB-9545-4A28-A922-BDBF6A82FFCB}"
EndProject
Project("{9A19103F-16F7-4668-BE54-9A1E7A4F7556}") = "Identity", "src\Services\Identity\Identity\Identity.csproj", "{EF0D0B54-A684-471B-A959-A727735CC8ED}"
EndProject
Project("{9A19103F-16F7-4668-BE54-9A1E7A4F7556}") = "Identity.Infrastructure", "src\Services\Identity\Identity.Infrastructure\Identity.Infrastructure.csproj", "{EA9B0B0C-F806-4F40-A6F5-8BCF77C31CF4}"
EndProject
Global
	GlobalSection(SolutionConfigurationPlatforms) = preSolution
		Debug|Any CPU = Debug|Any CPU
		Release|Any CPU = Release|Any CPU
	EndGlobalSection
	GlobalSection(ProjectConfigurationPlatforms) = postSolution
		{69302AAB-9545-4A28-A922-BDBF6A82FFCB}.Debug|Any CPU.ActiveCfg = Debug|Any CPU
		{69302AAB-9545-4A28-A922-BDBF6A82FFCB}.Debug|Any CPU.Build.0 = Debug|Any CPU
		{69302AAB-9545-4A28-A922-BDBF6A82FFCB}.Release|Any CPU.ActiveCfg = Release|Any CPU
		{69302AAB-9545-4A28-A922-BDBF6A82FFCB}.Release|Any CPU.Build.0 = Release|Any CPU
		{EF0D0B54-A684-471B-A959-A727735CC8ED}.Debug|Any CPU.ActiveCfg = Debug|Any CPU
		{EF0D0B54-A684-471B-A959-A727735CC8ED}.Debug|Any CPU.Build.0 = Debug|Any CPU
		{EF0D0B54-A684-471B-A959-A727735CC8ED}.Release|Any CPU.ActiveCfg = Release|Any CPU
		{EF0D0B54-A684-471B-A959-A727735CC8ED}.Release|Any CPU.Build.0 = Release|Any CPU
		{EA9B0B0C-F806-4F40-A6F5-8BCF77C31CF4}.Debug|Any CPU.ActiveCfg = Debug|Any CPU
		{EA9B0B0C-F806-4F40-A6F5-8BCF77C31CF4}.Debug|Any CPU.Build.0 = Debug|Any CPU
		{EA9B0B0C-F806-4F40-A6F5-8BCF77C31CF4}.Release|Any CPU.ActiveCfg = Release|Any CPU
		{EA9B0B0C-F806-4F40-A6F5-8BCF77C31CF4}.Release|Any CPU.Build.0 = Release|Any CPU
	EndGlobalSection
	GlobalSection(SolutionProperties) = preSolution
		HideSolutionNode = FALSE
	EndGlobalSection
	GlobalSection(NestedProjects) = preSolution
		{826476C6-037E-4E36-9D0F-E64E63BAD23C} = {CB738E0D-3A37-4C1B-A1D5-4130575D5F08}
		{04A1E8F0-A513-4D22-88C2-45B0792DEF7C} = {CB738E0D-3A37-4C1B-A1D5-4130575D5F08}
		{23C8E0EF-047D-44BE-BFC9-3C8695DC98E5} = {CB738E0D-3A37-4C1B-A1D5-4130575D5F08}
		{6272BEFA-D9D0-46F8-AAAF-DD2DB7BC5B8F} = {826476C6-037E-4E36-9D0F-E64E63BAD23C}
		{69302AAB-9545-4A28-A922-BDBF6A82FFCB} = {23C8E0EF-047D-44BE-BFC9-3C8695DC98E5}
		{EF0D0B54-A684-471B-A959-A727735CC8ED} = {6272BEFA-D9D0-46F8-AAAF-DD2DB7BC5B8F}
		{EA9B0B0C-F806-4F40-A6F5-8BCF77C31CF4} = {6272BEFA-D9D0-46F8-AAAF-DD2DB7BC5B8F}
	EndGlobalSection
EndGlobal
