
Microsoft Visual Studio Solution File, Format Version 12.00
Project("{2150E333-8FDC-42A3-9474-1A3956D46DE8}") = "docs", "docs", "{99F8123E-FFEB-463A-9504-08D91C784039}"
EndProject
Project("{2150E333-8FDC-42A3-9474-1A3956D46DE8}") = "appsettings", "appsettings", "{7E3A24ED-A480-41CD-8929-316D416D291D}"
EndProject
Project("{2150E333-8FDC-42A3-9474-1A3956D46DE8}") = "src", "src", "{CB738E0D-3A37-4C1B-A1D5-4130575D5F08}"
EndProject
Project("{2150E333-8FDC-42A3-9474-1A3956D46DE8}") = "ApiGateways", "ApiGateways", "{DAA3E864-CF81-41AC-A066-F2CD24F3A1CA}"
EndProject
Project("{2150E333-8FDC-42A3-9474-1A3956D46DE8}") = "Services", "Services", "{826476C6-037E-4E36-9D0F-E64E63BAD23C}"
EndProject
Project("{2150E333-8FDC-42A3-9474-1A3956D46DE8}") = "Web", "Web", "{04A1E8F0-A513-4D22-88C2-45B0792DEF7C}"
EndProject
Project("{2150E333-8FDC-42A3-9474-1A3956D46DE8}") = "ApiGw-Base", "ApiGw-Base", "{23C8E0EF-047D-44BE-BFC9-3C8695DC98E5}"
EndProject
Project("{FAE04EC0-301F-11D3-BF4B-00C04F79EFBC}") = "OcelotApiGw", "OcelotApiGw\OcelotApiGw.csproj", "{A536E640-BA26-4716-90D3-87491320B2FF}"
EndProject
Project("{FAE04EC0-301F-11D3-BF4B-00C04F79EFBC}") = "Identity", "Identity\Identity.csproj", "{9C202B5C-11F7-4D6C-BBD5-BF6592E842AB}"
EndProject
Project("{2150E333-8FDC-42A3-9474-1A3956D46DE8}") = "Identity", "Identity", "{6272BEFA-D9D0-46F8-AAAF-DD2DB7BC5B8F}"
EndProject
Project("{FAE04EC0-301F-11D3-BF4B-00C04F79EFBC}") = "Identity.Infrastructure", "Identity.Infrastructure\Identity.Infrastructure.csproj", "{9C8B56D0-921A-4EA7-92C8-59F4D77F34BC}"
EndProject
Global
	GlobalSection(SolutionConfigurationPlatforms) = preSolution
		Debug|Any CPU = Debug|Any CPU
		Release|Any CPU = Release|Any CPU
	EndGlobalSection
	GlobalSection(NestedProjects) = preSolution
		{DAA3E864-CF81-41AC-A066-F2CD24F3A1CA} = {CB738E0D-3A37-4C1B-A1D5-4130575D5F08}
		{826476C6-037E-4E36-9D0F-E64E63BAD23C} = {CB738E0D-3A37-4C1B-A1D5-4130575D5F08}
		{04A1E8F0-A513-4D22-88C2-45B0792DEF7C} = {CB738E0D-3A37-4C1B-A1D5-4130575D5F08}
		{23C8E0EF-047D-44BE-BFC9-3C8695DC98E5} = {DAA3E864-CF81-41AC-A066-F2CD24F3A1CA}
		{A536E640-BA26-4716-90D3-87491320B2FF} = {23C8E0EF-047D-44BE-BFC9-3C8695DC98E5}
		{6272BEFA-D9D0-46F8-AAAF-DD2DB7BC5B8F} = {826476C6-037E-4E36-9D0F-E64E63BAD23C}
		{9C202B5C-11F7-4D6C-BBD5-BF6592E842AB} = {6272BEFA-D9D0-46F8-AAAF-DD2DB7BC5B8F}
		{9C8B56D0-921A-4EA7-92C8-59F4D77F34BC} = {6272BEFA-D9D0-46F8-AAAF-DD2DB7BC5B8F}
	EndGlobalSection
	GlobalSection(ProjectConfigurationPlatforms) = postSolution
		{A536E640-BA26-4716-90D3-87491320B2FF}.Debug|Any CPU.ActiveCfg = Debug|Any CPU
		{A536E640-BA26-4716-90D3-87491320B2FF}.Debug|Any CPU.Build.0 = Debug|Any CPU
		{A536E640-BA26-4716-90D3-87491320B2FF}.Release|Any CPU.ActiveCfg = Release|Any CPU
		{A536E640-BA26-4716-90D3-87491320B2FF}.Release|Any CPU.Build.0 = Release|Any CPU
		{9C202B5C-11F7-4D6C-BBD5-BF6592E842AB}.Debug|Any CPU.ActiveCfg = Debug|Any CPU
		{9C202B5C-11F7-4D6C-BBD5-BF6592E842AB}.Debug|Any CPU.Build.0 = Debug|Any CPU
		{9C202B5C-11F7-4D6C-BBD5-BF6592E842AB}.Release|Any CPU.ActiveCfg = Release|Any CPU
		{9C202B5C-11F7-4D6C-BBD5-BF6592E842AB}.Release|Any CPU.Build.0 = Release|Any CPU
		{9C8B56D0-921A-4EA7-92C8-59F4D77F34BC}.Debug|Any CPU.ActiveCfg = Debug|Any CPU
		{9C8B56D0-921A-4EA7-92C8-59F4D77F34BC}.Debug|Any CPU.Build.0 = Debug|Any CPU
		{9C8B56D0-921A-4EA7-92C8-59F4D77F34BC}.Release|Any CPU.ActiveCfg = Release|Any CPU
		{9C8B56D0-921A-4EA7-92C8-59F4D77F34BC}.Release|Any CPU.Build.0 = Release|Any CPU
	EndGlobalSection
EndGlobal
